{
  "name": "oboe",
  "version": "2.1.4",
  "lockfileVersion": 1,
  "requires": true,
  "dependencies": {
    "commander": {
      "version": "2.12.2",
      "resolved": "https://registry.npmjs.org/commander/-/commander-2.12.2.tgz",
      "integrity": "sha512-BFnaq5ZOGcDN7FlrtBT4xxkgIToalIIxwjxLWVJ8bGTpe1LroqMiqQXdA7ygc7CRvaYS+9zfPGFnJqFSayx+AA=="
    },
    "concat": {
      "version": "1.0.3",
      "resolved": "https://registry.npmjs.org/concat/-/concat-1.0.3.tgz",
      "integrity": "sha1-QPM1MInWVGdpXLGIa0Xt1jfYzKg=",
      "requires": {
        "commander": "2.12.2"
      }
    },
    "source-map": {
      "version": "0.6.1",
      "resolved": "https://registry.npmjs.org/source-map/-/source-map-0.6.1.tgz",
      "integrity": "sha512-UjgapumWlbMhkBgzT7Ykc5YXUT46F0iKu8SGXq0bcwP5dz/h0Plj6enJqjz1Zbq2l5WaqYnrVbwWOWMyF3F47g=="
    },
    "uglify-js": {
      "version": "3.3.2",
      "resolved": "https://registry.npmjs.org/uglify-js/-/uglify-js-3.3.2.tgz",
      "integrity": "sha512-uZp2gduFfZDDfx0iIAmfKgRTANCooWcFjnFmJ2n8x/+RpBNk97lac1HU5wvZxWZCBbwHmTFDpWAsEhKnQpsM2A==",
      "requires": {
        "commander": "2.12.2",
        "source-map": "0.6.1"
      }
    }
  }
}
